
Microsoft Visual Studio Solution File, Format Version 12.00
# Visual Studio Version 16
VisualStudioVersion = 16.0.31911.196
MinimumVisualStudioVersion = 10.0.40219.1
Project("{FAE04EC0-301F-11D3-BF4B-00C04F79EFBC}") = "Semesterprojektet", "Semesterprojektet\Semesterprojektet.csproj", "{627F2DDD-598B-4845-A540-0C2311DCDE35}"
EndProject
Global
	GlobalSection(SolutionConfigurationPlatforms) = preSolution
		Debug|Any CPU = Debug|Any CPU
		Release|Any CPU = Release|Any CPU
	EndGlobalSection
	GlobalSection(ProjectConfigurationPlatforms) = postSolution
		{627F2DDD-598B-4845-A540-0C2311DCDE35}.Debug|Any CPU.ActiveCfg = Debug|Any CPU
		{627F2DDD-598B-4845-A540-0C2311DCDE35}.Debug|Any CPU.Build.0 = Debug|Any CPU
		{627F2DDD-598B-4845-A540-0C2311DCDE35}.Release|Any CPU.ActiveCfg = Release|Any CPU
		{627F2DDD-598B-4845-A540-0C2311DCDE35}.Release|Any CPU.Build.0 = Release|Any CPU
	EndGlobalSection
	GlobalSection(SolutionProperties) = preSolution
		HideSolutionNode = FALSE
	EndGlobalSection
	GlobalSection(ExtensibilityGlobals) = postSolution
		SolutionGuid = {1FB279EC-ED4F-4828-A207-F876124F758E}
	EndGlobalSection
EndGlobal
