
Microsoft Visual Studio Solution File, Format Version 12.00
# Visual Studio Version 16
VisualStudioVersion = 16.0.31911.196
MinimumVisualStudioVersion = 10.0.40219.1
Project("{FAE04EC0-301F-11D3-BF4B-00C04F79EFBC}") = "Search", "Search\Search.csproj", "{3BA8BE52-B6CF-4427-B7CE-AF81D679DA95}"
EndProject
Global
	GlobalSection(SolutionConfigurationPlatforms) = preSolution
		Debug|Any CPU = Debug|Any CPU
		Release|Any CPU = Release|Any CPU
	EndGlobalSection
	GlobalSection(ProjectConfigurationPlatforms) = postSolution
		{3BA8BE52-B6CF-4427-B7CE-AF81D679DA95}.Debug|Any CPU.ActiveCfg = Debug|Any CPU
		{3BA8BE52-B6CF-4427-B7CE-AF81D679DA95}.Debug|Any CPU.Build.0 = Debug|Any CPU
		{3BA8BE52-B6CF-4427-B7CE-AF81D679DA95}.Release|Any CPU.ActiveCfg = Release|Any CPU
		{3BA8BE52-B6CF-4427-B7CE-AF81D679DA95}.Release|Any CPU.Build.0 = Release|Any CPU
	EndGlobalSection
	GlobalSection(SolutionProperties) = preSolution
		HideSolutionNode = FALSE
	EndGlobalSection
	GlobalSection(ExtensibilityGlobals) = postSolution
		SolutionGuid = {3E241FFF-4724-45C2-BA6D-B7FED9D369B0}
	EndGlobalSection
EndGlobal
